
Microsoft Visual Studio Solution File, Format Version 12.00
# Visual Studio Version 17
VisualStudioVersion = 17.2.32630.192
MinimumVisualStudioVersion = 10.0.40219.1
Project("{8BC9CEB8-8B4A-11D0-8D11-00A0C91BC942}") = "Task 2", "Task 2\Task 2.vcxproj", "{55C81AE6-6E10-498F-BD8C-284023A4B9D7}"
EndProject
Global
	GlobalSection(SolutionConfigurationPlatforms) = preSolution
		Debug|x64 = Debug|x64
		Debug|x86 = Debug|x86
		Release|x64 = Release|x64
		Release|x86 = Release|x86
	EndGlobalSection
	GlobalSection(ProjectConfigurationPlatforms) = postSolution
		{55C81AE6-6E10-498F-BD8C-284023A4B9D7}.Debug|x64.ActiveCfg = Debug|x64
		{55C81AE6-6E10-498F-BD8C-284023A4B9D7}.Debug|x64.Build.0 = Debug|x64
		{55C81AE6-6E10-498F-BD8C-284023A4B9D7}.Debug|x86.ActiveCfg = Debug|Win32
		{55C81AE6-6E10-498F-BD8C-284023A4B9D7}.Debug|x86.Build.0 = Debug|Win32
		{55C81AE6-6E10-498F-BD8C-284023A4B9D7}.Release|x64.ActiveCfg = Release|x64
		{55C81AE6-6E10-498F-BD8C-284023A4B9D7}.Release|x64.Build.0 = Release|x64
		{55C81AE6-6E10-498F-BD8C-284023A4B9D7}.Release|x86.ActiveCfg = Release|Win32
		{55C81AE6-6E10-498F-BD8C-284023A4B9D7}.Release|x86.Build.0 = Release|Win32
	EndGlobalSection
	GlobalSection(SolutionProperties) = preSolution
		HideSolutionNode = FALSE
	EndGlobalSection
	GlobalSection(ExtensibilityGlobals) = postSolution
		SolutionGuid = {83D74016-6F0E-4F06-8CAB-D9F6F7587CA0}
	EndGlobalSection
EndGlobal
