
Microsoft Visual Studio Solution File, Format Version 12.00
# Visual Studio Version 17
VisualStudioVersion = 17.2.32630.192
MinimumVisualStudioVersion = 10.0.40219.1
Project("{8BC9CEB8-8B4A-11D0-8D11-00A0C91BC942}") = "Task 2", "Task 2\Task 2.vcxproj", "{5A3D62AF-80ED-460E-8B82-22F3F89B2676}"
EndProject
Global
	GlobalSection(SolutionConfigurationPlatforms) = preSolution
		Debug|x64 = Debug|x64
		Debug|x86 = Debug|x86
		Release|x64 = Release|x64
		Release|x86 = Release|x86
	EndGlobalSection
	GlobalSection(ProjectConfigurationPlatforms) = postSolution
		{5A3D62AF-80ED-460E-8B82-22F3F89B2676}.Debug|x64.ActiveCfg = Debug|x64
		{5A3D62AF-80ED-460E-8B82-22F3F89B2676}.Debug|x64.Build.0 = Debug|x64
		{5A3D62AF-80ED-460E-8B82-22F3F89B2676}.Debug|x86.ActiveCfg = Debug|Win32
		{5A3D62AF-80ED-460E-8B82-22F3F89B2676}.Debug|x86.Build.0 = Debug|Win32
		{5A3D62AF-80ED-460E-8B82-22F3F89B2676}.Release|x64.ActiveCfg = Release|x64
		{5A3D62AF-80ED-460E-8B82-22F3F89B2676}.Release|x64.Build.0 = Release|x64
		{5A3D62AF-80ED-460E-8B82-22F3F89B2676}.Release|x86.ActiveCfg = Release|Win32
		{5A3D62AF-80ED-460E-8B82-22F3F89B2676}.Release|x86.Build.0 = Release|Win32
	EndGlobalSection
	GlobalSection(SolutionProperties) = preSolution
		HideSolutionNode = FALSE
	EndGlobalSection
	GlobalSection(ExtensibilityGlobals) = postSolution
		SolutionGuid = {EBCF7883-197E-425B-86F4-61C5CEE15DE1}
	EndGlobalSection
EndGlobal
